
Microsoft Visual Studio Solution File, Format Version 12.00
# Visual Studio Version 17
VisualStudioVersion = 17.3.32929.385
MinimumVisualStudioVersion = 10.0.40219.1
Project("{FAE04EC0-301F-11D3-BF4B-00C04F79EFBC}") = "atividadesPrimeiraAula", "atividadesPrimeiraAula\atividadesPrimeiraAula.csproj", "{2B224B3B-A893-46DE-B73E-4AF14A22E4ED}"
EndProject
Global
	GlobalSection(SolutionConfigurationPlatforms) = preSolution
		Debug|Any CPU = Debug|Any CPU
		Release|Any CPU = Release|Any CPU
	EndGlobalSection
	GlobalSection(ProjectConfigurationPlatforms) = postSolution
		{2B224B3B-A893-46DE-B73E-4AF14A22E4ED}.Debug|Any CPU.ActiveCfg = Debug|Any CPU
		{2B224B3B-A893-46DE-B73E-4AF14A22E4ED}.Debug|Any CPU.Build.0 = Debug|Any CPU
		{2B224B3B-A893-46DE-B73E-4AF14A22E4ED}.Release|Any CPU.ActiveCfg = Release|Any CPU
		{2B224B3B-A893-46DE-B73E-4AF14A22E4ED}.Release|Any CPU.Build.0 = Release|Any CPU
	EndGlobalSection
	GlobalSection(SolutionProperties) = preSolution
		HideSolutionNode = FALSE
	EndGlobalSection
	GlobalSection(ExtensibilityGlobals) = postSolution
		SolutionGuid = {628BCFA2-F4EB-406C-8CCB-BC39014FFEC3}
	EndGlobalSection
EndGlobal
