
Microsoft Visual Studio Solution File, Format Version 12.00
# Visual Studio Version 17
VisualStudioVersion = 17.3.32922.545
MinimumVisualStudioVersion = 10.0.40219.1
Project("{FAE04EC0-301F-11D3-BF4B-00C04F79EFBC}") = "atividades Matriz", "atividades Matriz.csproj", "{CA268DC1-ED8B-4979-891A-A06752E08186}"
EndProject
Global
	GlobalSection(SolutionConfigurationPlatforms) = preSolution
		Debug|Any CPU = Debug|Any CPU
		Release|Any CPU = Release|Any CPU
	EndGlobalSection
	GlobalSection(ProjectConfigurationPlatforms) = postSolution
		{CA268DC1-ED8B-4979-891A-A06752E08186}.Debug|Any CPU.ActiveCfg = Debug|Any CPU
		{CA268DC1-ED8B-4979-891A-A06752E08186}.Debug|Any CPU.Build.0 = Debug|Any CPU
		{CA268DC1-ED8B-4979-891A-A06752E08186}.Release|Any CPU.ActiveCfg = Release|Any CPU
		{CA268DC1-ED8B-4979-891A-A06752E08186}.Release|Any CPU.Build.0 = Release|Any CPU
	EndGlobalSection
	GlobalSection(SolutionProperties) = preSolution
		HideSolutionNode = FALSE
	EndGlobalSection
	GlobalSection(ExtensibilityGlobals) = postSolution
		SolutionGuid = {B5482648-FEE6-40E9-ADB4-5D3CF14B42E5}
	EndGlobalSection
EndGlobal
