
Microsoft Visual Studio Solution File, Format Version 12.00
# Visual Studio Version 17
VisualStudioVersion = 17.3.32929.385
MinimumVisualStudioVersion = 10.0.40219.1
Project("{FAE04EC0-301F-11D3-BF4B-00C04F79EFBC}") = "PrimeiraSemana", "PrimeiraSemana\PrimeiraSemana.csproj", "{44975777-9BD5-4BE9-B3A2-E6A436209E95}"
EndProject
Global
	GlobalSection(SolutionConfigurationPlatforms) = preSolution
		Debug|Any CPU = Debug|Any CPU
		Release|Any CPU = Release|Any CPU
	EndGlobalSection
	GlobalSection(ProjectConfigurationPlatforms) = postSolution
		{44975777-9BD5-4BE9-B3A2-E6A436209E95}.Debug|Any CPU.ActiveCfg = Debug|Any CPU
		{44975777-9BD5-4BE9-B3A2-E6A436209E95}.Debug|Any CPU.Build.0 = Debug|Any CPU
		{44975777-9BD5-4BE9-B3A2-E6A436209E95}.Release|Any CPU.ActiveCfg = Release|Any CPU
		{44975777-9BD5-4BE9-B3A2-E6A436209E95}.Release|Any CPU.Build.0 = Release|Any CPU
	EndGlobalSection
	GlobalSection(SolutionProperties) = preSolution
		HideSolutionNode = FALSE
	EndGlobalSection
	GlobalSection(ExtensibilityGlobals) = postSolution
		SolutionGuid = {75A1BB08-D7AF-4503-9231-C36738099E08}
	EndGlobalSection
EndGlobal
